
Microsoft Visual Studio Solution File, Format Version 12.00
# Visual Studio Version 17
VisualStudioVersion = 17.9.34728.123
MinimumVisualStudioVersion = 10.0.40219.1
Project("{9A19103F-16F7-4668-BE54-9A1E7A4F7556}") = "HelloWorld", "HelloWorld.csproj", "{60B842FF-E504-4F1F-BF27-0497A7CFDB1F}"
EndProject
Global
	GlobalSection(SolutionConfigurationPlatforms) = preSolution
		Debug|Any CPU = Debug|Any CPU
		Release|Any CPU = Release|Any CPU
	EndGlobalSection
	GlobalSection(ProjectConfigurationPlatforms) = postSolution
		{60B842FF-E504-4F1F-BF27-0497A7CFDB1F}.Debug|Any CPU.ActiveCfg = Debug|Any CPU
		{60B842FF-E504-4F1F-BF27-0497A7CFDB1F}.Debug|Any CPU.Build.0 = Debug|Any CPU
		{60B842FF-E504-4F1F-BF27-0497A7CFDB1F}.Release|Any CPU.ActiveCfg = Release|Any CPU
		{60B842FF-E504-4F1F-BF27-0497A7CFDB1F}.Release|Any CPU.Build.0 = Release|Any CPU
	EndGlobalSection
	GlobalSection(SolutionProperties) = preSolution
		HideSolutionNode = FALSE
	EndGlobalSection
	GlobalSection(ExtensibilityGlobals) = postSolution
		SolutionGuid = {E046AD6F-6475-4D8C-8EC5-BF644A762CF2}
	EndGlobalSection
EndGlobal
